
Microsoft Visual Studio Solution File, Format Version 12.00
# Visual Studio 15
VisualStudioVersion = 15.0.27004.2005
MinimumVisualStudioVersion = 10.0.40219.1
Project("{FAE04EC0-301F-11D3-BF4B-00C04F79EFBC}") = "WebServiceConsumes", "WebServiceConsumes\WebServiceConsumes.csproj", "{1F313190-9330-4FAA-A813-1EA8589C5E8D}"
EndProject
Global
	GlobalSection(SolutionConfigurationPlatforms) = preSolution
		Debug|Any CPU = Debug|Any CPU
		Release|Any CPU = Release|Any CPU
	EndGlobalSection
	GlobalSection(ProjectConfigurationPlatforms) = postSolution
		{1F313190-9330-4FAA-A813-1EA8589C5E8D}.Debug|Any CPU.ActiveCfg = Debug|Any CPU
		{1F313190-9330-4FAA-A813-1EA8589C5E8D}.Debug|Any CPU.Build.0 = Debug|Any CPU
		{1F313190-9330-4FAA-A813-1EA8589C5E8D}.Release|Any CPU.ActiveCfg = Release|Any CPU
		{1F313190-9330-4FAA-A813-1EA8589C5E8D}.Release|Any CPU.Build.0 = Release|Any CPU
	EndGlobalSection
	GlobalSection(SolutionProperties) = preSolution
		HideSolutionNode = FALSE
	EndGlobalSection
	GlobalSection(ExtensibilityGlobals) = postSolution
		SolutionGuid = {A67CFA8A-7AFC-41CE-B594-35D6F60FFF6F}
	EndGlobalSection
EndGlobal
